// !$*UTF8*$!
{
	archiveVersion = 1;
	classes = {
	};
	objectVersion = 77;
	objects = {

/* Begin PBXBuildFile section */
		085E03652F4A96FE00F70855 /* DriverKit.framework in Frameworks */ = {isa = PBXBuildFile; fileRef = 085E03642F4A96FE00F70855 /* DriverKit.framework */; };
		085E03722F4A96FE00F70855 /* SystemExtensions.framework in Frameworks */ = {isa = PBXBuildFile; fileRef = 085E03742F4A96FE00F70855 /* SystemExtensions.framework */; };
		085E03A12F4AA4A100F70855 /* censiir.rndis-dk.dext in Embed System Extensions */ = {isa = PBXBuildFile; fileRef = 085E03612F4A96FE00F70855 /* censiir.rndis-dk.dext */; settings = {ATTRIBUTES = (RemoveHeadersOnCopy, ); }; };
/* End PBXBuildFile section */

/* Begin PBXContainerItemProxy section */
		085E03992F4AA46400F70855 /* PBXContainerItemProxy */ = {
			isa = PBXContainerItemProxy;
			containerPortal = 085E03582F4A96FE00F70855 /* Project object */;
			proxyType = 1;
			remoteGlobalIDString = 085E03602F4A96FE00F70855;
			remoteInfo = "rndis-dk";
		};
		085E039C2F4AA46C00F70855 /* PBXContainerItemProxy */ = {
			isa = PBXContainerItemProxy;
			containerPortal = 085E03582F4A96FE00F70855 /* Project object */;
			proxyType = 1;
			remoteGlobalIDString = 085E03602F4A96FE00F70855;
			remoteInfo = "rndis-dk";
		};
		085E03A22F4AA4A100F70855 /* PBXContainerItemProxy */ = {
			isa = PBXContainerItemProxy;
			containerPortal = 085E03582F4A96FE00F70855 /* Project object */;
			proxyType = 1;
			remoteGlobalIDString = 085E03602F4A96FE00F70855;
			remoteInfo = "rndis-dk";
		};
/* End PBXContainerItemProxy section */

/* Begin PBXCopyFilesBuildPhase section */
		085E03A42F4AA4A100F70855 /* Embed System Extensions */ = {
			isa = PBXCopyFilesBuildPhase;
			buildActionMask = 2147483647;
			dstPath = "$(SYSTEM_EXTENSIONS_FOLDER_PATH)";
			dstSubfolderSpec = 16;
			files = (
				085E03A12F4AA4A100F70855 /* censiir.rndis-dk.dext in Embed System Extensions */,
			);
			name = "Embed System Extensions";
			runOnlyForDeploymentPostprocessing = 0;
		};
/* End PBXCopyFilesBuildPhase section */

/* Begin PBXFileReference section */
		085E03612F4A96FE00F70855 /* censiir.rndis-dk.dext */ = {isa = PBXFileReference; explicitFileType = "wrapper.driver-extension"; includeInIndex = 0; path = "censiir.rndis-dk.dext"; sourceTree = BUILT_PRODUCTS_DIR; };
		085E03642F4A96FE00F70855 /* DriverKit.framework */ = {isa = PBXFileReference; lastKnownFileType = wrapper.framework; name = DriverKit.framework; path = Library/Frameworks/DriverKit.framework; sourceTree = DEVELOPER_DIR; };
		085E03732F4A96FE00F70855 /* rndis-loader.app */ = {isa = PBXFileReference; explicitFileType = wrapper.application; includeInIndex = 0; path = "rndis-loader.app"; sourceTree = BUILT_PRODUCTS_DIR; };
		085E03742F4A96FE00F70855 /* SystemExtensions.framework */ = {isa = PBXFileReference; lastKnownFileType = wrapper.framework; name = SystemExtensions.framework; path = System/Library/Frameworks/SystemExtensions.framework; sourceTree = SDKROOT; };
		085E03962F4AA3B200F70855 /* Accelerate.framework */ = {isa = PBXFileReference; lastKnownFileType = wrapper.framework; name = Accelerate.framework; path = Platforms/MacOSX.platform/Developer/SDKs/MacOSX26.2.sdk/System/Library/Frameworks/Accelerate.framework; sourceTree = DEVELOPER_DIR; };
		085E039E2F4AA46F00F70855 /* ACIPCBTLib.tbd */ = {isa = PBXFileReference; lastKnownFileType = "sourcecode.text-based-dylib-definition"; name = ACIPCBTLib.tbd; path = Platforms/MacOSX.platform/Developer/SDKs/MacOSX26.2.sdk/usr/lib/ACIPCBTLib.tbd; sourceTree = DEVELOPER_DIR; };
		085E039F2F4AA47200F70855 /* AdServices.framework */ = {isa = PBXFileReference; lastKnownFileType = wrapper.framework; name = AdServices.framework; path = Platforms/MacOSX.platform/Developer/SDKs/MacOSX26.2.sdk/System/Library/Frameworks/AdServices.framework; sourceTree = DEVELOPER_DIR; };
/* End PBXFileReference section */

/* Begin PBXFileSystemSynchronizedBuildFileExceptionSet section */
		085E036C2F4A96FE00F70855 /* Exceptions for "rndis-dk" folder in "rndis-dk" target */ = {
			isa = PBXFileSystemSynchronizedBuildFileExceptionSet;
			membershipExceptions = (
				Info.plist,
			);
			target = 085E03602F4A96FE00F70855 /* rndis-dk */;
		};
		085E03752F4A96FE00F70855 /* Exceptions for "loader-app" folder in "rndis-loader" target */ = {
			isa = PBXFileSystemSynchronizedBuildFileExceptionSet;
			membershipExceptions = (
				Info.plist,
			);
			target = 085E037B2F4A96FE00F70855 /* rndis-loader */;
		};
/* End PBXFileSystemSynchronizedBuildFileExceptionSet section */

/* Begin PBXFileSystemSynchronizedRootGroup section */
		085E03662F4A96FE00F70855 /* rndis-dk */ = {
			isa = PBXFileSystemSynchronizedRootGroup;
			exceptions = (
				085E036C2F4A96FE00F70855 /* Exceptions for "rndis-dk" folder in "rndis-dk" target */,
			);
			path = "rndis-dk";
			sourceTree = "<group>";
		};
		085E03762F4A96FE00F70855 /* loader-app */ = {
			isa = PBXFileSystemSynchronizedRootGroup;
			exceptions = (
				085E03752F4A96FE00F70855 /* Exceptions for "loader-app" folder in "rndis-loader" target */,
			);
			path = "loader-app";
			sourceTree = "<group>";
		};
/* End PBXFileSystemSynchronizedRootGroup section */

/* Begin PBXFrameworksBuildPhase section */
		085E035E2F4A96FE00F70855 /* Frameworks */ = {
			isa = PBXFrameworksBuildPhase;
			buildActionMask = 2147483647;
			files = (
				085E03652F4A96FE00F70855 /* DriverKit.framework in Frameworks */,
			);
			runOnlyForDeploymentPostprocessing = 0;
		};
		085E03772F4A96FE00F70855 /* Frameworks */ = {
			isa = PBXFrameworksBuildPhase;
			buildActionMask = 2147483647;
			files = (
				085E03722F4A96FE00F70855 /* SystemExtensions.framework in Frameworks */,
			);
			runOnlyForDeploymentPostprocessing = 0;
		};
/* End PBXFrameworksBuildPhase section */

/* Begin PBXGroup section */
		085E03572F4A96FE00F70855 = {
			isa = PBXGroup;
			children = (
				085E03762F4A96FE00F70855 /* loader-app */,
				085E03662F4A96FE00F70855 /* rndis-dk */,
				085E03632F4A96FE00F70855 /* Frameworks */,
				085E03622F4A96FE00F70855 /* Products */,
			);
			sourceTree = "<group>";
		};
		085E03622F4A96FE00F70855 /* Products */ = {
			isa = PBXGroup;
			children = (
				085E03732F4A96FE00F70855 /* rndis-loader.app */,
				085E03612F4A96FE00F70855 /* censiir.rndis-dk.dext */,
			);
			name = Products;
			sourceTree = "<group>";
		};
		085E03632F4A96FE00F70855 /* Frameworks */ = {
			isa = PBXGroup;
			children = (
				085E039F2F4AA47200F70855 /* AdServices.framework */,
				085E039E2F4AA46F00F70855 /* ACIPCBTLib.tbd */,
				085E03962F4AA3B200F70855 /* Accelerate.framework */,
				085E03642F4A96FE00F70855 /* DriverKit.framework */,
				085E03742F4A96FE00F70855 /* SystemExtensions.framework */,
			);
			name = Frameworks;
			sourceTree = "<group>";
		};
/* End PBXGroup section */

/* Begin PBXHeadersBuildPhase section */
		085E035C2F4A96FE00F70855 /* Headers */ = {
			isa = PBXHeadersBuildPhase;
			buildActionMask = 2147483647;
			files = (
			);
			runOnlyForDeploymentPostprocessing = 0;
		};
/* End PBXHeadersBuildPhase section */

/* Begin PBXNativeTarget section */
		085E03602F4A96FE00F70855 /* rndis-dk */ = {
			isa = PBXNativeTarget;
			buildConfigurationList = 085E036D2F4A96FE00F70855 /* Build configuration list for PBXNativeTarget "rndis-dk" */;
			buildPhases = (
				085E035C2F4A96FE00F70855 /* Headers */,
				085E035D2F4A96FE00F70855 /* Sources */,
				085E035E2F4A96FE00F70855 /* Frameworks */,
				085E035F2F4A96FE00F70855 /* Resources */,
			);
			buildRules = (
			);
			dependencies = (
			);
			fileSystemSynchronizedGroups = (
				085E03662F4A96FE00F70855 /* rndis-dk */,
			);
			name = "rndis-dk";
			packageProductDependencies = (
			);
			productName = "rndis-dk";
			productReference = 085E03612F4A96FE00F70855 /* censiir.rndis-dk.dext */;
			productType = "com.apple.product-type.driver-extension";
		};
		085E037B2F4A96FE00F70855 /* rndis-loader */ = {
			isa = PBXNativeTarget;
			buildConfigurationList = 085E03802F4A96FE00F70855 /* Build configuration list for PBXNativeTarget "rndis-loader" */;
			buildPhases = (
				085E037A2F4A96FE00F70855 /* Sources */,
				085E03772F4A96FE00F70855 /* Frameworks */,
				085E03782F4A96FE00F70855 /* Resources */,
				085E03A42F4AA4A100F70855 /* Embed System Extensions */,
			);
			buildRules = (
			);
			dependencies = (
				085E039A2F4AA46400F70855 /* PBXTargetDependency */,
				085E039D2F4AA46C00F70855 /* PBXTargetDependency */,
				085E03A32F4AA4A100F70855 /* PBXTargetDependency */,
			);
			fileSystemSynchronizedGroups = (
				085E03762F4A96FE00F70855 /* loader-app */,
			);
			name = "rndis-loader";
			packageProductDependencies = (
			);
			productName = "rndis-loader";
			productReference = 085E03732F4A96FE00F70855 /* rndis-loader.app */;
			productType = "com.apple.product-type.application";
		};
/* End PBXNativeTarget section */

/* Begin PBXProject section */
		085E03582F4A96FE00F70855 /* Project object */ = {
			isa = PBXProject;
			attributes = {
				BuildIndependentTargetsInParallel = 1;
				LastUpgradeCheck = 2620;
				TargetAttributes = {
					085E03602F4A96FE00F70855 = {
						CreatedOnToolsVersion = 26.2;
					};
					085E037B2F4A96FE00F70855 = {
						CreatedOnToolsVersion = 26.2;
					};
				};
			};
			buildConfigurationList = 085E035B2F4A96FE00F70855 /* Build configuration list for PBXProject "rndis-dk" */;
			developmentRegion = en;
			hasScannedForEncodings = 0;
			knownRegions = (
				en,
				Base,
			);
			mainGroup = 085E03572F4A96FE00F70855;
			minimizedProjectReferenceProxies = 1;
			preferredProjectObjectVersion = 77;
			productRefGroup = 085E03622F4A96FE00F70855 /* Products */;
			projectDirPath = "";
			projectRoot = "";
			targets = (
				085E03602F4A96FE00F70855 /* rndis-dk */,
				085E037B2F4A96FE00F70855 /* rndis-loader */,
			);
		};
/* End PBXProject section */

/* Begin PBXResourcesBuildPhase section */
		085E035F2F4A96FE00F70855 /* Resources */ = {
			isa = PBXResourcesBuildPhase;
			buildActionMask = 2147483647;
			files = (
			);
			runOnlyForDeploymentPostprocessing = 0;
		};
		085E03782F4A96FE00F70855 /* Resources */ = {
			isa = PBXResourcesBuildPhase;
			buildActionMask = 2147483647;
			files = (
			);
			runOnlyForDeploymentPostprocessing = 0;
		};
/* End PBXResourcesBuildPhase section */

/* Begin PBXSourcesBuildPhase section */
		085E035D2F4A96FE00F70855 /* Sources */ = {
			isa = PBXSourcesBuildPhase;
			buildActionMask = 2147483647;
			files = (
			);
			runOnlyForDeploymentPostprocessing = 0;
		};
		085E037A2F4A96FE00F70855 /* Sources */ = {
			isa = PBXSourcesBuildPhase;
			buildActionMask = 2147483647;
			files = (
			);
			runOnlyForDeploymentPostprocessing = 0;
		};
/* End PBXSourcesBuildPhase section */

/* Begin PBXTargetDependency section */
		085E039A2F4AA46400F70855 /* PBXTargetDependency */ = {
			isa = PBXTargetDependency;
			target = 085E03602F4A96FE00F70855 /* rndis-dk */;
			targetProxy = 085E03992F4AA46400F70855 /* PBXContainerItemProxy */;
		};
		085E039D2F4AA46C00F70855 /* PBXTargetDependency */ = {
			isa = PBXTargetDependency;
			target = 085E03602F4A96FE00F70855 /* rndis-dk */;
			targetProxy = 085E039C2F4AA46C00F70855 /* PBXContainerItemProxy */;
		};
		085E03A32F4AA4A100F70855 /* PBXTargetDependency */ = {
			isa = PBXTargetDependency;
			target = 085E03602F4A96FE00F70855 /* rndis-dk */;
			targetProxy = 085E03A22F4AA4A100F70855 /* PBXContainerItemProxy */;
		};
/* End PBXTargetDependency section */

/* Begin XCBuildConfiguration section */
		085E036E2F4A96FE00F70855 /* Debug */ = {
			isa = XCBuildConfiguration;
			buildSettings = {
				CODE_SIGN_ENTITLEMENTS = "rndis-dk/rndis-dk.entitlements";
				CODE_SIGN_STYLE = Automatic;
				CURRENT_PROJECT_VERSION = 12;
				DEVELOPMENT_TEAM = T6V8QY9542;
				GENERATE_INFOPLIST_FILE = YES;
				INFOPLIST_FILE = "rndis-dk/Info.plist";
				MARKETING_VERSION = 1.0;
				OTHER_LDFLAGS = (
					"$(inherited)",
					"-framework",
					NetworkingDriverKit,
					"-framework",
					USBDriverKit,
				);
				PRODUCT_BUNDLE_IDENTIFIER = "censiir.rndis-dk";
				PRODUCT_NAME = "$(inherited)";
				RUN_CLANG_STATIC_ANALYZER = YES;
				SKIP_INSTALL = YES;
				STRING_CATALOG_GENERATE_SYMBOLS = YES;
				SWIFT_EMIT_LOC_STRINGS = YES;
			};
			name = Debug;
		};
		085E036F2F4A96FE00F70855 /* Release */ = {
			isa = XCBuildConfiguration;
			buildSettings = {
				CODE_SIGN_ENTITLEMENTS = "rndis-dk/rndis-dk.entitlements";
				CODE_SIGN_STYLE = Automatic;
				CURRENT_PROJECT_VERSION = 12;
				DEVELOPMENT_TEAM = T6V8QY9542;
				GENERATE_INFOPLIST_FILE = YES;
				INFOPLIST_FILE = "rndis-dk/Info.plist";
				MARKETING_VERSION = 1.0;
				OTHER_LDFLAGS = (
					"$(inherited)",
					"-framework",
					NetworkingDriverKit,
					"-framework",
					USBDriverKit,
				);
				PRODUCT_BUNDLE_IDENTIFIER = "censiir.rndis-dk";
				PRODUCT_NAME = "$(inherited)";
				RUN_CLANG_STATIC_ANALYZER = YES;
				SKIP_INSTALL = YES;
				STRING_CATALOG_GENERATE_SYMBOLS = YES;
				SWIFT_EMIT_LOC_STRINGS = YES;
			};
			name = Release;
		};
		085E03702F4A96FE00F70855 /* Debug */ = {
			isa = XCBuildConfiguration;
			buildSettings = {
				ALWAYS_SEARCH_USER_PATHS = NO;
				ASSETCATALOG_COMPILER_GENERATE_SWIFT_ASSET_SYMBOL_EXTENSIONS = YES;
				CLANG_ANALYZER_NONNULL = YES;
				CLANG_ANALYZER_NUMBER_OBJECT_CONVERSION = YES_AGGRESSIVE;
				CLANG_CXX_LANGUAGE_STANDARD = "gnu++20";
				CLANG_ENABLE_MODULES = YES;
				CLANG_ENABLE_OBJC_ARC = YES;
				CLANG_ENABLE_OBJC_WEAK = YES;
				CLANG_WARN_BLOCK_CAPTURE_AUTORELEASING = YES;
				CLANG_WARN_BOOL_CONVERSION = YES;
				CLANG_WARN_COMMA = YES;
				CLANG_WARN_CONSTANT_CONVERSION = YES;
				CLANG_WARN_DEPRECATED_OBJC_IMPLEMENTATIONS = YES;
				CLANG_WARN_DIRECT_OBJC_ISA_USAGE = YES_ERROR;
				CLANG_WARN_DOCUMENTATION_COMMENTS = YES;
				CLANG_WARN_EMPTY_BODY = YES;
				CLANG_WARN_ENUM_CONVERSION = YES;
				CLANG_WARN_INFINITE_RECURSION = YES;
				CLANG_WARN_INT_CONVERSION = YES;
				CLANG_WARN_NON_LITERAL_NULL_CONVERSION = YES;
				CLANG_WARN_OBJC_IMPLICIT_RETAIN_SELF = YES;
				CLANG_WARN_OBJC_LITERAL_CONVERSION = YES;
				CLANG_WARN_OBJC_ROOT_CLASS = YES_ERROR;
				CLANG_WARN_QUOTED_INCLUDE_IN_FRAMEWORK_HEADER = YES;
				CLANG_WARN_RANGE_LOOP_ANALYSIS = YES;
				CLANG_WARN_STRICT_PROTOTYPES = YES;
				CLANG_WARN_SUSPICIOUS_MOVE = YES;
				CLANG_WARN_UNGUARDED_AVAILABILITY = YES_AGGRESSIVE;
				CLANG_WARN_UNREACHABLE_CODE = YES;
				CLANG_WARN__DUPLICATE_METHOD_MATCH = YES;
				COPY_PHASE_STRIP = NO;
				DEBUG_INFORMATION_FORMAT = dwarf;
				DEVELOPMENT_TEAM = T6V8QY9542;
				DRIVERKIT_DEPLOYMENT_TARGET = 25.2;
				ENABLE_STRICT_OBJC_MSGSEND = YES;
				ENABLE_TESTABILITY = YES;
				ENABLE_USER_SCRIPT_SANDBOXING = YES;
				GCC_C_LANGUAGE_STANDARD = gnu17;
				GCC_DYNAMIC_NO_PIC = NO;
				GCC_NO_COMMON_BLOCKS = YES;
				GCC_OPTIMIZATION_LEVEL = 0;
				GCC_PREPROCESSOR_DEFINITIONS = (
					"DEBUG=1",
					"$(inherited)",
				);
				GCC_WARN_64_TO_32_BIT_CONVERSION = YES;
				GCC_WARN_ABOUT_RETURN_TYPE = YES_ERROR;
				GCC_WARN_UNDECLARED_SELECTOR = YES;
				GCC_WARN_UNINITIALIZED_AUTOS = YES_AGGRESSIVE;
				GCC_WARN_UNUSED_FUNCTION = YES;
				GCC_WARN_UNUSED_VARIABLE = YES;
				LOCALIZATION_PREFERS_STRING_CATALOGS = YES;
				MTL_ENABLE_DEBUG_INFO = INCLUDE_SOURCE;
				MTL_FAST_MATH = YES;
				ONLY_ACTIVE_ARCH = YES;
				SDKROOT = driverkit;
			};
			name = Debug;
		};
		085E03712F4A96FE00F70855 /* Release */ = {
			isa = XCBuildConfiguration;
			buildSettings = {
				ALWAYS_SEARCH_USER_PATHS = NO;
				ASSETCATALOG_COMPILER_GENERATE_SWIFT_ASSET_SYMBOL_EXTENSIONS = YES;
				CLANG_ANALYZER_NONNULL = YES;
				CLANG_ANALYZER_NUMBER_OBJECT_CONVERSION = YES_AGGRESSIVE;
				CLANG_CXX_LANGUAGE_STANDARD = "gnu++20";
				CLANG_ENABLE_MODULES = YES;
				CLANG_ENABLE_OBJC_ARC = YES;
				CLANG_ENABLE_OBJC_WEAK = YES;
				CLANG_WARN_BLOCK_CAPTURE_AUTORELEASING = YES;
				CLANG_WARN_BOOL_CONVERSION = YES;
				CLANG_WARN_COMMA = YES;
				CLANG_WARN_CONSTANT_CONVERSION = YES;
				CLANG_WARN_DEPRECATED_OBJC_IMPLEMENTATIONS = YES;
				CLANG_WARN_DIRECT_OBJC_ISA_USAGE = YES_ERROR;
				CLANG_WARN_DOCUMENTATION_COMMENTS = YES;
				CLANG_WARN_EMPTY_BODY = YES;
				CLANG_WARN_ENUM_CONVERSION = YES;
				CLANG_WARN_INFINITE_RECURSION = YES;
				CLANG_WARN_INT_CONVERSION = YES;
				CLANG_WARN_NON_LITERAL_NULL_CONVERSION = YES;
				CLANG_WARN_OBJC_IMPLICIT_RETAIN_SELF = YES;
				CLANG_WARN_OBJC_LITERAL_CONVERSION = YES;
				CLANG_WARN_OBJC_ROOT_CLASS = YES_ERROR;
				CLANG_WARN_QUOTED_INCLUDE_IN_FRAMEWORK_HEADER = YES;
				CLANG_WARN_RANGE_LOOP_ANALYSIS = YES;
				CLANG_WARN_STRICT_PROTOTYPES = YES;
				CLANG_WARN_SUSPICIOUS_MOVE = YES;
				CLANG_WARN_UNGUARDED_AVAILABILITY = YES_AGGRESSIVE;
				CLANG_WARN_UNREACHABLE_CODE = YES;
				CLANG_WARN__DUPLICATE_METHOD_MATCH = YES;
				COPY_PHASE_STRIP = NO;
				DEBUG_INFORMATION_FORMAT = "dwarf-with-dsym";
				DEVELOPMENT_TEAM = T6V8QY9542;
				DRIVERKIT_DEPLOYMENT_TARGET = 25.2;
				ENABLE_NS_ASSERTIONS = NO;
				ENABLE_STRICT_OBJC_MSGSEND = YES;
				ENABLE_USER_SCRIPT_SANDBOXING = YES;
				GCC_C_LANGUAGE_STANDARD = gnu17;
				GCC_NO_COMMON_BLOCKS = YES;
				GCC_WARN_64_TO_32_BIT_CONVERSION = YES;
				GCC_WARN_ABOUT_RETURN_TYPE = YES_ERROR;
				GCC_WARN_UNDECLARED_SELECTOR = YES;
				GCC_WARN_UNINITIALIZED_AUTOS = YES_AGGRESSIVE;
				GCC_WARN_UNUSED_FUNCTION = YES;
				GCC_WARN_UNUSED_VARIABLE = YES;
				LOCALIZATION_PREFERS_STRING_CATALOGS = YES;
				MTL_ENABLE_DEBUG_INFO = NO;
				MTL_FAST_MATH = YES;
				SDKROOT = driverkit;
			};
			name = Release;
		};
		085E037E2F4A96FE00F70855 /* Debug */ = {
			isa = XCBuildConfiguration;
			buildSettings = {
				CODE_SIGN_ENTITLEMENTS = "loader-app/loader-app.entitlements";
				CODE_SIGN_STYLE = Automatic;
				CURRENT_PROJECT_VERSION = 1;
				DEVELOPMENT_TEAM = T6V8QY9542;
				ENABLE_HARDENED_RUNTIME = YES;
				ENABLE_USER_SCRIPT_SANDBOXING = NO;
				GENERATE_INFOPLIST_FILE = NO;
				INFOPLIST_FILE = "loader-app/Info.plist";
				LD_RUNPATH_SEARCH_PATHS = (
					"$(inherited)",
					"@executable_path/../Frameworks",
				);
				MACOSX_DEPLOYMENT_TARGET = 13.0;
				MARKETING_VERSION = 1.0;
				PRODUCT_BUNDLE_IDENTIFIER = "censiir.rndis-loader";
				PRODUCT_NAME = "$(TARGET_NAME)";
				SDKROOT = macosx;
				SKIP_INSTALL = NO;
				STRING_CATALOG_GENERATE_SYMBOLS = YES;
				SWIFT_EMIT_LOC_STRINGS = YES;
				SWIFT_VERSION = 5.0;
			};
			name = Debug;
		};
		085E037F2F4A96FE00F70855 /* Release */ = {
			isa = XCBuildConfiguration;
			buildSettings = {
				CODE_SIGN_ENTITLEMENTS = "loader-app/loader-app.entitlements";
				CODE_SIGN_STYLE = Automatic;
				CURRENT_PROJECT_VERSION = 1;
				DEVELOPMENT_TEAM = T6V8QY9542;
				ENABLE_HARDENED_RUNTIME = YES;
				ENABLE_NS_ASSERTIONS = NO;
				ENABLE_USER_SCRIPT_SANDBOXING = NO;
				GENERATE_INFOPLIST_FILE = NO;
				INFOPLIST_FILE = "loader-app/Info.plist";
				LD_RUNPATH_SEARCH_PATHS = (
					"$(inherited)",
					"@executable_path/../Frameworks",
				);
				MACOSX_DEPLOYMENT_TARGET = 13.0;
				MARKETING_VERSION = 1.0;
				PRODUCT_BUNDLE_IDENTIFIER = "censiir.rndis-loader";
				PRODUCT_NAME = "$(TARGET_NAME)";
				SDKROOT = macosx;
				SKIP_INSTALL = NO;
				STRING_CATALOG_GENERATE_SYMBOLS = YES;
				SWIFT_EMIT_LOC_STRINGS = YES;
				SWIFT_VERSION = 5.0;
			};
			name = Release;
		};
/* End XCBuildConfiguration section */

/* Begin XCConfigurationList section */
		085E035B2F4A96FE00F70855 /* Build configuration list for PBXProject "rndis-dk" */ = {
			isa = XCConfigurationList;
			buildConfigurations = (
				085E03702F4A96FE00F70855 /* Debug */,
				085E03712F4A96FE00F70855 /* Release */,
			);
			defaultConfigurationIsVisible = 0;
			defaultConfigurationName = Release;
		};
		085E036D2F4A96FE00F70855 /* Build configuration list for PBXNativeTarget "rndis-dk" */ = {
			isa = XCConfigurationList;
			buildConfigurations = (
				085E036E2F4A96FE00F70855 /* Debug */,
				085E036F2F4A96FE00F70855 /* Release */,
			);
			defaultConfigurationIsVisible = 0;
			defaultConfigurationName = Release;
		};
		085E03802F4A96FE00F70855 /* Build configuration list for PBXNativeTarget "rndis-loader" */ = {
			isa = XCConfigurationList;
			buildConfigurations = (
				085E037E2F4A96FE00F70855 /* Debug */,
				085E037F2F4A96FE00F70855 /* Release */,
			);
			defaultConfigurationIsVisible = 0;
			defaultConfigurationName = Release;
		};
/* End XCConfigurationList section */
	};
	rootObject = 085E03582F4A96FE00F70855 /* Project object */;
}
